
Microsoft Visual Studio Solution File, Format Version 12.00
# Visual Studio Version 17
VisualStudioVersion = 17.4.33122.133
MinimumVisualStudioVersion = 10.0.40219.1
Project("{F184B08F-C81C-45F6-A57F-5ABD9991F28F}") = "ExcelAddInTextEditor", "ExcelAddInTextEditor.vbproj", "{17D04054-9E01-4243-9A2B-3C99A0E1664E}"
EndProject
Global
	GlobalSection(SolutionConfigurationPlatforms) = preSolution
		Debug|x64 = Debug|x64
		Release|x64 = Release|x64
	EndGlobalSection
	GlobalSection(ProjectConfigurationPlatforms) = postSolution
		{17D04054-9E01-4243-9A2B-3C99A0E1664E}.Debug|x64.ActiveCfg = Debug|x64
		{17D04054-9E01-4243-9A2B-3C99A0E1664E}.Debug|x64.Build.0 = Debug|x64
		{17D04054-9E01-4243-9A2B-3C99A0E1664E}.Release|x64.ActiveCfg = Release|x64
		{17D04054-9E01-4243-9A2B-3C99A0E1664E}.Release|x64.Build.0 = Release|x64
	EndGlobalSection
	GlobalSection(SolutionProperties) = preSolution
		HideSolutionNode = FALSE
	EndGlobalSection
	GlobalSection(ExtensibilityGlobals) = postSolution
		SolutionGuid = {D440683B-21A2-45D0-9715-38708BC02F95}
	EndGlobalSection
EndGlobal
